<?xml version="1.0" encoding="utf-8"?>
<Project ToolsVersion="4.0" xmlns="http://schemas.microsoft.com/developer/msbuild/2003">
  <ItemGroup>
    <Filter Include="Source Files">
      <UniqueIdentifier>{4FC737F1-C7A5-4376-A066-2A32D752A2FF}</UniqueIdentifier>
      <Extensions>cpp;c;cc;cxx;def;odl;idl;hpj;bat;asm;asmx</Extensions>
    </Filter>
    <Filter Include="Header Files">
      <UniqueIdentifier>{93995380-89BD-4b04-88EB-625FBE52EBFB}</UniqueIdentifier>
      <Extensions>h;hh;hpp;hxx;hm;inl;inc;xsd</Extensions>
    </Filter>
    <Filter Include="Resources">
      <UniqueIdentifier>{0b88a71c-c8c0-4c54-b0b4-975aa3f5f365}</UniqueIdentifier>
    </Filter>
    <Filter Include="Resources\Maps">
      <UniqueIdentifier>{00817c5d-4877-4c17-8851-0e9957008233}</UniqueIdentifier>
    </Filter>
    <Filter Include="Resources\Images">
      <UniqueIdentifier>{1cc0de7d-2d24-49ee-bbf2-6921fcf01cfc}</UniqueIdentifier>
    </Filter>
  </ItemGroup>
  <ItemGroup>
    <None Include="packages.config" />
    <None Include="resources\maps\BalancedArena.csv">
      <Filter>Resources\Maps</Filter>
    </None>
    <None Include="resources\maps\BalancedRing.csv">
      <Filter>Resources\Maps</Filter>
    </None>
    <None Include="resources\maps\BlancedCross.csv">
      <Filter>Resources\Maps</Filter>
    </None>
    <None Include="resources\maps\IslandWar.csv">
      <Filter>Resources\Maps</Filter>
    </None>
    <None Include="resources\maps\MystPi.csv">
      <Filter>Resources\Maps</Filter>
    </None>
    <None Include="resources\maps\Nascar.csv">
      <Filter>Resources\Maps</Filter>
    </None>
    <None Include="resources\maps\SanFranciscoBridge.csv">
      <Filter>Resources\Maps</Filter>
    </None>
    <None Include="resources\maps\SnakeArena.csv">
      <Filter>Resources\Maps</Filter>
    </None>
    <None Include="resources\maps\SuperS.csv">
      <Filter>Resources\Maps</Filter>
    </None>
    <None Include="resources\maps\WaterWorld.csv">
      <Filter>Resources\Maps</Filter>
    </None>
  </ItemGroup>
  <ItemGroup>
    <ClCompile Include="AllegroSetup.cpp">
      <Filter>Source Files</Filter>
    </ClCompile>
    <ClCompile Include="main.cpp">
      <Filter>Source Files</Filter>
    </ClCompile>
    <ClCompile Include="MapGraphics.cpp">
      <Filter>Source Files</Filter>
    </ClCompile>
    <ClCompile Include="Map.cpp">
      <Filter>Source Files</Filter>
    </ClCompile>
    <ClCompile Include="basicXML.cpp">
      <Filter>Source Files</Filter>
    </ClCompile>
    <ClCompile Include="Building.cpp">
      <Filter>Source Files</Filter>
    </ClCompile>
    <ClCompile Include="Resources.cpp">
      <Filter>Source Files</Filter>
    </ClCompile>
    <ClCompile Include="Terrain.cpp">
      <Filter>Source Files</Filter>
    </ClCompile>
    <ClCompile Include="Unit.cpp">
      <Filter>Source Files</Filter>
    </ClCompile>
    <ClCompile Include="Tiles.cpp">
      <Filter>Source Files</Filter>
    </ClCompile>
    <ClCompile Include="PlayerInfo.cpp">
      <Filter>Source Files</Filter>
    </ClCompile>
  </ItemGroup>
  <ItemGroup>
    <ClInclude Include="AllegroSetup.h">
      <Filter>Header Files</Filter>
    </ClInclude>
    <ClInclude Include="Map.h">
      <Filter>Header Files</Filter>
    </ClInclude>
    <ClInclude Include="Tiles.h">
      <Filter>Header Files</Filter>
    </ClInclude>
    <ClInclude Include="MapGraphics.h">
      <Filter>Header Files</Filter>
    </ClInclude>
    <ClInclude Include="basicXML.h">
      <Filter>Header Files</Filter>
    </ClInclude>
    <ClInclude Include="Building.h">
      <Filter>Header Files</Filter>
    </ClInclude>
    <ClInclude Include="Resources.h">
      <Filter>Header Files</Filter>
    </ClInclude>
    <ClInclude Include="Terrain.h">
      <Filter>Header Files</Filter>
    </ClInclude>
    <ClInclude Include="Unit.h">
      <Filter>Header Files</Filter>
    </ClInclude>
    <ClInclude Include="PlayerInfo.h">
      <Filter>Header Files</Filter>
    </ClInclude>
  </ItemGroup>
  <ItemGroup>
    <Xml Include="resources.xml">
      <Filter>Resources</Filter>
    </Xml>
  </ItemGroup>
</Project>